{
  "name": "snarkyjs-workshop",
  "version": "1.0.0",
  "lockfileVersion": 2,
  "requires": true,
  "packages": {
    "": {
      "name": "snarkyjs-workshop",
      "version": "1.0.0",
      "license": "ISC",
      "dependencies": {
        "prettier": "^2.5.0",
        "snarkyjs": "^0.1.11",
        "typescript": "^4.5.2"
      },
      "engines": {
        "node": ">=16.4.0"
      }
    },
    "../snarkyjs": {
      "name": "@o1labs/snarkyjs",
      "version": "0.1.11",
      "extraneous": true,
      "license": "Apache-2.0",
      "dependencies": {
        "env": "^0.0.2",
        "reflect-metadata": "^0.1.13",
        "tslib": "^2.3.0"
      },
      "bin": {
        "snarky-run": "src/build/run.mjs"
      },
      "devDependencies": {
        "@types/jest": "^27.0.0",
        "@typescript-eslint/eslint-plugin": "^5.0.0",
        "esbuild": "^0.13.13",
        "eslint": "^8.0.0",
        "fs-extra": "^10.0.0",
        "jest": "^27.0.6",
        "minimist": "^1.2.5",
        "prettier": "^2.3.2",
        "ts-jest": "^27.0.4",
        "typedoc": "^0.22.9",
        "typescript": "^4.4.4"
      },
      "engines": {
        "node": ">=16.4.0"
      }
    },
    "node_modules/env": {
      "version": "0.0.2",
      "resolved": "https://registry.npmjs.org/env/-/env-0.0.2.tgz",
      "integrity": "sha1-UMGfMHsSmkWEW2tobfWzndQNHPA=",
      "engines": {
        "node": ">= 0.5.9"
      }
    },
    "node_modules/prettier": {
      "version": "2.5.0",
      "resolved": "https://registry.npmjs.org/prettier/-/prettier-2.5.0.tgz",
      "integrity": "sha512-FM/zAKgWTxj40rH03VxzIPdXmj39SwSjwG0heUcNFwI+EMZJnY93yAiKXM3dObIKAM5TA88werc8T/EwhB45eg==",
      "bin": {
        "prettier": "bin-prettier.js"
      },
      "engines": {
        "node": ">=10.13.0"
      }
    },
    "node_modules/reflect-metadata": {
      "version": "0.1.13",
      "resolved": "https://registry.npmjs.org/reflect-metadata/-/reflect-metadata-0.1.13.tgz",
      "integrity": "sha512-Ts1Y/anZELhSsjMcU605fU9RE4Oi3p5ORujwbIKXfWa+0Zxs510Qrmrce5/Jowq3cHSZSJqBjypxmHarc+vEWg=="
    },
    "node_modules/snarkyjs": {
      "version": "0.1.11",
      "resolved": "https://registry.npmjs.org/snarkyjs/-/snarkyjs-0.1.11.tgz",
      "integrity": "sha512-fXt6nVO8uL9w/ZH2y/9jN0heUEj6qpIlazt2kBewm0jeS4lCN2K0uMOUcxxjf97vKTYsKjGuEv+ZUK6xnQJZtw==",
      "dependencies": {
        "env": "^0.0.2",
        "reflect-metadata": "^0.1.13",
        "tslib": "^2.3.0"
      },
      "bin": {
        "snarky-run": "src/build/run.mjs"
      },
      "engines": {
        "node": ">=16.4.0"
      }
    },
    "node_modules/tslib": {
      "version": "2.3.1",
      "resolved": "https://registry.npmjs.org/tslib/-/tslib-2.3.1.tgz",
      "integrity": "sha512-77EbyPPpMz+FRFRuAFlWMtmgUWGe9UOG2Z25NqCwiIjRhOf5iKGuzSe5P2w1laq+FkRy4p+PCuVkJSGkzTEKVw=="
    },
    "node_modules/typescript": {
      "version": "4.5.2",
      "resolved": "https://registry.npmjs.org/typescript/-/typescript-4.5.2.tgz",
      "integrity": "sha512-5BlMof9H1yGt0P8/WF+wPNw6GfctgGjXp5hkblpyT+8rkASSmkUKMXrxR0Xg8ThVCi/JnHQiKXeBaEwCeQwMFw==",
      "bin": {
        "tsc": "bin/tsc",
        "tsserver": "bin/tsserver"
      },
      "engines": {
        "node": ">=4.2.0"
      }
    }
  },
  "dependencies": {
    "env": {
      "version": "0.0.2",
      "resolved": "https://registry.npmjs.org/env/-/env-0.0.2.tgz",
      "integrity": "sha1-UMGfMHsSmkWEW2tobfWzndQNHPA="
    },
    "prettier": {
      "version": "2.5.0",
      "resolved": "https://registry.npmjs.org/prettier/-/prettier-2.5.0.tgz",
      "integrity": "sha512-FM/zAKgWTxj40rH03VxzIPdXmj39SwSjwG0heUcNFwI+EMZJnY93yAiKXM3dObIKAM5TA88werc8T/EwhB45eg=="
    },
    "reflect-metadata": {
      "version": "0.1.13",
      "resolved": "https://registry.npmjs.org/reflect-metadata/-/reflect-metadata-0.1.13.tgz",
      "integrity": "sha512-Ts1Y/anZELhSsjMcU605fU9RE4Oi3p5ORujwbIKXfWa+0Zxs510Qrmrce5/Jowq3cHSZSJqBjypxmHarc+vEWg=="
    },
    "snarkyjs": {
      "version": "0.1.11",
      "resolved": "https://registry.npmjs.org/snarkyjs/-/snarkyjs-0.1.11.tgz",
      "integrity": "sha512-fXt6nVO8uL9w/ZH2y/9jN0heUEj6qpIlazt2kBewm0jeS4lCN2K0uMOUcxxjf97vKTYsKjGuEv+ZUK6xnQJZtw==",
      "requires": {
        "env": "^0.0.2",
        "reflect-metadata": "^0.1.13",
        "tslib": "^2.3.0"
      }
    },
    "tslib": {
      "version": "2.3.1",
      "resolved": "https://registry.npmjs.org/tslib/-/tslib-2.3.1.tgz",
      "integrity": "sha512-77EbyPPpMz+FRFRuAFlWMtmgUWGe9UOG2Z25NqCwiIjRhOf5iKGuzSe5P2w1laq+FkRy4p+PCuVkJSGkzTEKVw=="
    },
    "typescript": {
      "version": "4.5.2",
      "resolved": "https://registry.npmjs.org/typescript/-/typescript-4.5.2.tgz",
      "integrity": "sha512-5BlMof9H1yGt0P8/WF+wPNw6GfctgGjXp5hkblpyT+8rkASSmkUKMXrxR0Xg8ThVCi/JnHQiKXeBaEwCeQwMFw=="
    }
  }
}
