{
  "name": "snarkyjs-workshop",
  "version": "1.0.0",
  "lockfileVersion": 2,
  "requires": true,
  "packages": {
    "": {
      "version": "1.0.0",
      "license": "ISC",
      "dependencies": {
        "@o1labs/snarkyjs": "file:../snarkyjs",
        "prettier": "^2.5.0",
        "typescript": "^4.5.2"
      }
    },
    "../snarkyjs": {
      "name": "@o1labs/snarkyjs",
      "version": "0.1.9",
      "license": "Apache-2.0",
      "dependencies": {
        "env": "^0.0.2",
        "reflect-metadata": "^0.1.13",
        "tslib": "^2.3.0"
      },
      "devDependencies": {
        "@babel/core": "^7.15.0",
        "@babel/plugin-transform-runtime": "^7.15.0",
        "@babel/preset-env": "^7.15.0",
        "@types/jest": "^27.0.0",
        "@typescript-eslint/eslint-plugin": "^5.0.0",
        "babel-loader": "^8.2.2",
        "clean-webpack-plugin": "^4.0.0-alpha.0",
        "copy-webpack-plugin": "^9.0.1",
        "esbuild": "^0.13.13",
        "eslint": "^8.0.0",
        "fs-extra": "^10.0.0",
        "jest": "^27.0.6",
        "minimist": "^1.2.5",
        "node-polyfill-webpack-plugin": "^1.1.4",
        "prettier": "^2.3.2",
        "ts-jest": "^27.0.4",
        "ts-loader": "^9.2.5",
        "typedoc": "^0.22.9",
        "typescript": "^4.4.4",
        "webpack": "^5.49.0",
        "webpack-cli": "^4.7.2"
      },
      "engines": {
        "node": ">=16"
      }
    },
    "node_modules/@o1labs/snarkyjs": {
      "resolved": "../snarkyjs",
      "link": true
    },
    "node_modules/prettier": {
      "version": "2.5.0",
      "resolved": "https://registry.npmjs.org/prettier/-/prettier-2.5.0.tgz",
      "integrity": "sha512-FM/zAKgWTxj40rH03VxzIPdXmj39SwSjwG0heUcNFwI+EMZJnY93yAiKXM3dObIKAM5TA88werc8T/EwhB45eg==",
      "bin": {
        "prettier": "bin-prettier.js"
      },
      "engines": {
        "node": ">=10.13.0"
      }
    },
    "node_modules/typescript": {
      "version": "4.5.2",
      "license": "Apache-2.0",
      "bin": {
        "tsc": "bin/tsc",
        "tsserver": "bin/tsserver"
      },
      "engines": {
        "node": ">=4.2.0"
      }
    }
  },
  "dependencies": {
    "@o1labs/snarkyjs": {
      "version": "file:../snarkyjs",
      "requires": {
        "@babel/core": "^7.15.0",
        "@babel/plugin-transform-runtime": "^7.15.0",
        "@babel/preset-env": "^7.15.0",
        "@types/jest": "^27.0.0",
        "@typescript-eslint/eslint-plugin": "^5.0.0",
        "babel-loader": "^8.2.2",
        "clean-webpack-plugin": "^4.0.0-alpha.0",
        "copy-webpack-plugin": "^9.0.1",
        "env": "^0.0.2",
        "esbuild": "^0.13.13",
        "eslint": "^8.0.0",
        "fs-extra": "^10.0.0",
        "jest": "^27.0.6",
        "minimist": "^1.2.5",
        "node-polyfill-webpack-plugin": "^1.1.4",
        "prettier": "^2.3.2",
        "reflect-metadata": "^0.1.13",
        "ts-jest": "^27.0.4",
        "ts-loader": "^9.2.5",
        "tslib": "^2.3.0",
        "typedoc": "^0.22.9",
        "typescript": "^4.4.4",
        "webpack": "^5.49.0",
        "webpack-cli": "^4.7.2"
      }
    },
    "prettier": {
      "version": "2.5.0",
      "resolved": "https://registry.npmjs.org/prettier/-/prettier-2.5.0.tgz",
      "integrity": "sha512-FM/zAKgWTxj40rH03VxzIPdXmj39SwSjwG0heUcNFwI+EMZJnY93yAiKXM3dObIKAM5TA88werc8T/EwhB45eg=="
    },
    "typescript": {
      "version": "4.5.2"
    }
  }
}
