{
  "name": "snarkyjs-workshop",
  "version": "1.0.0",
  "lockfileVersion": 2,
  "requires": true,
  "packages": {
    "": {
      "name": "snarkyjs-workshop",
      "version": "1.0.0",
      "license": "ISC",
      "dependencies": {
        "@o1labs/snarkyjs": "^0.1.2",
        "tslib": "^2.3.1",
        "typescript": "^4.5.2"
      }
    },
    "node_modules/@o1labs/snarkyjs": {
      "version": "0.1.2",
      "resolved": "https://registry.npmjs.org/@o1labs/snarkyjs/-/snarkyjs-0.1.2.tgz",
      "integrity": "sha512-5KCvXwl/Y94JdcKuu2uQANt2NuhHeUKzyc65G5kw8tfI96ccjaNoR4KWxqOe86tbSE/xQEmPs6ArcZ/g4PIyHA==",
      "dependencies": {
        "env": "^0.0.2",
        "reflect-metadata": "^0.1.13"
      },
      "engines": {
        "node": ">=16"
      }
    },
    "node_modules/env": {
      "version": "0.0.2",
      "resolved": "https://registry.npmjs.org/env/-/env-0.0.2.tgz",
      "integrity": "sha1-UMGfMHsSmkWEW2tobfWzndQNHPA=",
      "engines": {
        "node": ">= 0.5.9"
      }
    },
    "node_modules/reflect-metadata": {
      "version": "0.1.13",
      "resolved": "https://registry.npmjs.org/reflect-metadata/-/reflect-metadata-0.1.13.tgz",
      "integrity": "sha512-Ts1Y/anZELhSsjMcU605fU9RE4Oi3p5ORujwbIKXfWa+0Zxs510Qrmrce5/Jowq3cHSZSJqBjypxmHarc+vEWg=="
    },
    "node_modules/tslib": {
      "version": "2.3.1",
      "resolved": "https://registry.npmjs.org/tslib/-/tslib-2.3.1.tgz",
      "integrity": "sha512-77EbyPPpMz+FRFRuAFlWMtmgUWGe9UOG2Z25NqCwiIjRhOf5iKGuzSe5P2w1laq+FkRy4p+PCuVkJSGkzTEKVw=="
    },
    "node_modules/typescript": {
      "version": "4.5.2",
      "resolved": "https://registry.npmjs.org/typescript/-/typescript-4.5.2.tgz",
      "integrity": "sha512-5BlMof9H1yGt0P8/WF+wPNw6GfctgGjXp5hkblpyT+8rkASSmkUKMXrxR0Xg8ThVCi/JnHQiKXeBaEwCeQwMFw==",
      "bin": {
        "tsc": "bin/tsc",
        "tsserver": "bin/tsserver"
      },
      "engines": {
        "node": ">=4.2.0"
      }
    }
  },
  "dependencies": {
    "@o1labs/snarkyjs": {
      "version": "0.1.2",
      "resolved": "https://registry.npmjs.org/@o1labs/snarkyjs/-/snarkyjs-0.1.2.tgz",
      "integrity": "sha512-5KCvXwl/Y94JdcKuu2uQANt2NuhHeUKzyc65G5kw8tfI96ccjaNoR4KWxqOe86tbSE/xQEmPs6ArcZ/g4PIyHA==",
      "requires": {
        "env": "^0.0.2",
        "reflect-metadata": "^0.1.13"
      }
    },
    "env": {
      "version": "0.0.2",
      "resolved": "https://registry.npmjs.org/env/-/env-0.0.2.tgz",
      "integrity": "sha1-UMGfMHsSmkWEW2tobfWzndQNHPA="
    },
    "reflect-metadata": {
      "version": "0.1.13",
      "resolved": "https://registry.npmjs.org/reflect-metadata/-/reflect-metadata-0.1.13.tgz",
      "integrity": "sha512-Ts1Y/anZELhSsjMcU605fU9RE4Oi3p5ORujwbIKXfWa+0Zxs510Qrmrce5/Jowq3cHSZSJqBjypxmHarc+vEWg=="
    },
    "tslib": {
      "version": "2.3.1",
      "resolved": "https://registry.npmjs.org/tslib/-/tslib-2.3.1.tgz",
      "integrity": "sha512-77EbyPPpMz+FRFRuAFlWMtmgUWGe9UOG2Z25NqCwiIjRhOf5iKGuzSe5P2w1laq+FkRy4p+PCuVkJSGkzTEKVw=="
    },
    "typescript": {
      "version": "4.5.2",
      "resolved": "https://registry.npmjs.org/typescript/-/typescript-4.5.2.tgz",
      "integrity": "sha512-5BlMof9H1yGt0P8/WF+wPNw6GfctgGjXp5hkblpyT+8rkASSmkUKMXrxR0Xg8ThVCi/JnHQiKXeBaEwCeQwMFw=="
    }
  }
}
